
Microsoft Visual Studio Solution File, Format Version 12.00
# Visual Studio Version 16
VisualStudioVersion = 16.0.29215.179
MinimumVisualStudioVersion = 10.0.40219.1
Project("{FAE04EC0-301F-11D3-BF4B-00C04F79EFBC}") = "EFRelationship", "EFRelationship.csproj", "{20502BB4-FC4D-447F-BCEC-AE82E2BCBFEB}"
EndProject
Global
	GlobalSection(SolutionConfigurationPlatforms) = preSolution
		Debug|Any CPU = Debug|Any CPU
		Release|Any CPU = Release|Any CPU
	EndGlobalSection
	GlobalSection(ProjectConfigurationPlatforms) = postSolution
		{20502BB4-FC4D-447F-BCEC-AE82E2BCBFEB}.Debug|Any CPU.ActiveCfg = Debug|Any CPU
		{20502BB4-FC4D-447F-BCEC-AE82E2BCBFEB}.Debug|Any CPU.Build.0 = Debug|Any CPU
		{20502BB4-FC4D-447F-BCEC-AE82E2BCBFEB}.Release|Any CPU.ActiveCfg = Release|Any CPU
		{20502BB4-FC4D-447F-BCEC-AE82E2BCBFEB}.Release|Any CPU.Build.0 = Release|Any CPU
	EndGlobalSection
	GlobalSection(SolutionProperties) = preSolution
		HideSolutionNode = FALSE
	EndGlobalSection
	GlobalSection(ExtensibilityGlobals) = postSolution
		SolutionGuid = {F932D90D-739E-4474-8FAA-4501EE6C8F34}
	EndGlobalSection
EndGlobal
